
Microsoft Visual Studio Solution File, Format Version 12.00
# Visual Studio Version 16
VisualStudioVersion = 16.0.30011.22
MinimumVisualStudioVersion = 10.0.40219.1
Project("{FAE04EC0-301F-11D3-BF4B-00C04F79EFBC}") = "Memenim.Core", "Memenim.Core.csproj", "{CBDD760F-D094-4AF2-81CF-80E20657C3F3}"
EndProject
Global
	GlobalSection(SolutionConfigurationPlatforms) = preSolution
		Debug|Any CPU = Debug|Any CPU
		Release|Any CPU = Release|Any CPU
	EndGlobalSection
	GlobalSection(ProjectConfigurationPlatforms) = postSolution
		{CBDD760F-D094-4AF2-81CF-80E20657C3F3}.Debug|Any CPU.ActiveCfg = Debug|Any CPU
		{CBDD760F-D094-4AF2-81CF-80E20657C3F3}.Debug|Any CPU.Build.0 = Debug|Any CPU
		{CBDD760F-D094-4AF2-81CF-80E20657C3F3}.Release|Any CPU.ActiveCfg = Release|Any CPU
		{CBDD760F-D094-4AF2-81CF-80E20657C3F3}.Release|Any CPU.Build.0 = Release|Any CPU
	EndGlobalSection
	GlobalSection(SolutionProperties) = preSolution
		HideSolutionNode = FALSE
	EndGlobalSection
	GlobalSection(ExtensibilityGlobals) = postSolution
		SolutionGuid = {7C4536CF-C3C5-43FF-BF5F-F5637D5783D1}
	EndGlobalSection
EndGlobal
